Microsoft Visual Studio Solution File, Format Version 12.00
# Visual Studio Version 17
VisualStudioVersion = 17.5.2.0
MinimumVisualStudioVersion = 10.0.40219.1
Project("{2150E333-8FDC-42A3-9474-1A3956D46DE8}") = "backend", "backend", "{1AE8ACA6-933B-BF2A-3671-3E2EAC007D16}"
EndProject
Project("{FAE04EC0-301F-11D3-BF4B-00C04F79EFBC}") = "SingglebeeApi", "backend\SingglebeeApi\SingglebeeApi.csproj", "{DEF21841-FEE3-23B0-1238-DEBE55642F91}"
EndProject
Global
	GlobalSection(SolutionConfigurationPlatforms) = preSolution
		Debug|Any CPU = Debug|Any CPU
		Release|Any CPU = Release|Any CPU
	EndGlobalSection
	GlobalSection(ProjectConfigurationPlatforms) = postSolution
		{DEF21841-FEE3-23B0-1238-DEBE55642F91}.Debug|Any CPU.ActiveCfg = Debug|Any CPU
		{DEF21841-FEE3-23B0-1238-DEBE55642F91}.Debug|Any CPU.Build.0 = Debug|Any CPU
		{DEF21841-FEE3-23B0-1238-DEBE55642F91}.Release|Any CPU.ActiveCfg = Release|Any CPU
		{DEF21841-FEE3-23B0-1238-DEBE55642F91}.Release|Any CPU.Build.0 = Release|Any CPU
	EndGlobalSection
	GlobalSection(SolutionProperties) = preSolution
		HideSolutionNode = FALSE
	EndGlobalSection
	GlobalSection(NestedProjects) = preSolution
		{DEF21841-FEE3-23B0-1238-DEBE55642F91} = {1AE8ACA6-933B-BF2A-3671-3E2EAC007D16}
	EndGlobalSection
	GlobalSection(ExtensibilityGlobals) = postSolution
		SolutionGuid = {31577641-C33B-40DD-8D96-C79589C63BC1}
	EndGlobalSection
EndGlobal
